
Microsoft Visual Studio Solution File, Format Version 12.00
# Visual Studio Version 18
VisualStudioVersion = 18.4.11519.219 insiders
MinimumVisualStudioVersion = 10.0.40219.1
Project("{2150E333-8FDC-42A3-9474-1A3956D46DE8}") = "Applications", "Applications", "{2C299C02-1BD6-4FB5-AF94-D13F1D3581AC}"
EndProject
Project("{2150E333-8FDC-42A3-9474-1A3956D46DE8}") = "Libraries", "Libraries", "{9AEEE191-5335-49FB-B85D-07838A34867E}"
EndProject
Project("{FAE04EC0-301F-11D3-BF4B-00C04F79EFBC}") = "SV22T1020674.Admin", "SV22T1020674.Admin\SV22T1020674.Admin.csproj", "{C0CAE580-73E0-5892-B18A-B66D84C0E2DB}"
EndProject
Project("{FAE04EC0-301F-11D3-BF4B-00C04F79EFBC}") = "SV22T1020674.Shop", "SV22T1020674.Shop\SV22T1020674.Shop.csproj", "{4965BA9B-7CF2-6D3C-9841-0BEAFCA1C934}"
EndProject
Project("{FAE04EC0-301F-11D3-BF4B-00C04F79EFBC}") = "SV22T1020674.BusinessLayers", "SV22T1020674.BusinessLayers\SV22T1020674.BusinessLayers.csproj", "{F9A50783-6BC0-9968-DB14-5A9881901731}"
EndProject
Project("{FAE04EC0-301F-11D3-BF4B-00C04F79EFBC}") = "SV22T1020674.DataLayers", "SV22T1020674.DataLayers\SV22T1020674.DataLayers.csproj", "{C160A56A-DF2F-6AAC-4F11-737DF0F5AA15}"
EndProject
Project("{FAE04EC0-301F-11D3-BF4B-00C04F79EFBC}") = "SV22T1020674.Models", "SV22T1020674.Models\SV22T1020674.Models.csproj", "{1EE0C155-D6EB-8C19-C71B-814DBFAB394D}"
EndProject
Global
	GlobalSection(SolutionConfigurationPlatforms) = preSolution
		Debug|Any CPU = Debug|Any CPU
		Release|Any CPU = Release|Any CPU
	EndGlobalSection
	GlobalSection(ProjectConfigurationPlatforms) = postSolution
		{C0CAE580-73E0-5892-B18A-B66D84C0E2DB}.Debug|Any CPU.ActiveCfg = Debug|Any CPU
		{C0CAE580-73E0-5892-B18A-B66D84C0E2DB}.Debug|Any CPU.Build.0 = Debug|Any CPU
		{C0CAE580-73E0-5892-B18A-B66D84C0E2DB}.Release|Any CPU.ActiveCfg = Release|Any CPU
		{C0CAE580-73E0-5892-B18A-B66D84C0E2DB}.Release|Any CPU.Build.0 = Release|Any CPU
		{4965BA9B-7CF2-6D3C-9841-0BEAFCA1C934}.Debug|Any CPU.ActiveCfg = Debug|Any CPU
		{4965BA9B-7CF2-6D3C-9841-0BEAFCA1C934}.Debug|Any CPU.Build.0 = Debug|Any CPU
		{4965BA9B-7CF2-6D3C-9841-0BEAFCA1C934}.Release|Any CPU.ActiveCfg = Release|Any CPU
		{4965BA9B-7CF2-6D3C-9841-0BEAFCA1C934}.Release|Any CPU.Build.0 = Release|Any CPU
		{F9A50783-6BC0-9968-DB14-5A9881901731}.Debug|Any CPU.ActiveCfg = Debug|Any CPU
		{F9A50783-6BC0-9968-DB14-5A9881901731}.Debug|Any CPU.Build.0 = Debug|Any CPU
		{F9A50783-6BC0-9968-DB14-5A9881901731}.Release|Any CPU.ActiveCfg = Release|Any CPU
		{F9A50783-6BC0-9968-DB14-5A9881901731}.Release|Any CPU.Build.0 = Release|Any CPU
		{C160A56A-DF2F-6AAC-4F11-737DF0F5AA15}.Debug|Any CPU.ActiveCfg = Debug|Any CPU
		{C160A56A-DF2F-6AAC-4F11-737DF0F5AA15}.Debug|Any CPU.Build.0 = Debug|Any CPU
		{C160A56A-DF2F-6AAC-4F11-737DF0F5AA15}.Release|Any CPU.ActiveCfg = Release|Any CPU
		{C160A56A-DF2F-6AAC-4F11-737DF0F5AA15}.Release|Any CPU.Build.0 = Release|Any CPU
		{1EE0C155-D6EB-8C19-C71B-814DBFAB394D}.Debug|Any CPU.ActiveCfg = Debug|Any CPU
		{1EE0C155-D6EB-8C19-C71B-814DBFAB394D}.Debug|Any CPU.Build.0 = Debug|Any CPU
		{1EE0C155-D6EB-8C19-C71B-814DBFAB394D}.Release|Any CPU.ActiveCfg = Release|Any CPU
		{1EE0C155-D6EB-8C19-C71B-814DBFAB394D}.Release|Any CPU.Build.0 = Release|Any CPU
	EndGlobalSection
	GlobalSection(SolutionProperties) = preSolution
		HideSolutionNode = FALSE
	EndGlobalSection
	GlobalSection(NestedProjects) = preSolution
		{C0CAE580-73E0-5892-B18A-B66D84C0E2DB} = {2C299C02-1BD6-4FB5-AF94-D13F1D3581AC}
		{4965BA9B-7CF2-6D3C-9841-0BEAFCA1C934} = {2C299C02-1BD6-4FB5-AF94-D13F1D3581AC}
		{F9A50783-6BC0-9968-DB14-5A9881901731} = {9AEEE191-5335-49FB-B85D-07838A34867E}
		{C160A56A-DF2F-6AAC-4F11-737DF0F5AA15} = {9AEEE191-5335-49FB-B85D-07838A34867E}
		{1EE0C155-D6EB-8C19-C71B-814DBFAB394D} = {9AEEE191-5335-49FB-B85D-07838A34867E}
	EndGlobalSection
	GlobalSection(ExtensibilityGlobals) = postSolution
		SolutionGuid = {61BD79A8-DDDD-408E-A18D-BA051DA11F5E}
	EndGlobalSection
EndGlobal
